
Microsoft Visual Studio Solution File, Format Version 12.00
# Visual Studio Version 16
VisualStudioVersion = 16.0.30804.86
MinimumVisualStudioVersion = 10.0.40219.1
Project("{FAE04EC0-301F-11D3-BF4B-00C04F79EFBC}") = "1-kulkulator", "1-kulkulator\1-kulkulator.csproj", "{B1B49107-E5BF-41D7-823D-BFA9C090FAFB}"
EndProject
Global
	GlobalSection(SolutionConfigurationPlatforms) = preSolution
		Debug|Any CPU = Debug|Any CPU
		Release|Any CPU = Release|Any CPU
	EndGlobalSection
	GlobalSection(ProjectConfigurationPlatforms) = postSolution
		{B1B49107-E5BF-41D7-823D-BFA9C090FAFB}.Debug|Any CPU.ActiveCfg = Debug|Any CPU
		{B1B49107-E5BF-41D7-823D-BFA9C090FAFB}.Debug|Any CPU.Build.0 = Debug|Any CPU
		{B1B49107-E5BF-41D7-823D-BFA9C090FAFB}.Release|Any CPU.ActiveCfg = Release|Any CPU
		{B1B49107-E5BF-41D7-823D-BFA9C090FAFB}.Release|Any CPU.Build.0 = Release|Any CPU
	EndGlobalSection
	GlobalSection(SolutionProperties) = preSolution
		HideSolutionNode = FALSE
	EndGlobalSection
	GlobalSection(ExtensibilityGlobals) = postSolution
		SolutionGuid = {A7918E3F-4E6B-4091-B8D9-0AA03390BBE9}
	EndGlobalSection
EndGlobal
